
Microsoft Visual Studio Solution File, Format Version 12.00
# Visual Studio Version 16
VisualStudioVersion = 16.0.31702.278
MinimumVisualStudioVersion = 10.0.40219.1
Project("{FAE04EC0-301F-11D3-BF4B-00C04F79EFBC}") = "Assessment8_FOC_Potluck_MySql", "Assessment8_FOC_Potluck_MySql\Assessment8_FOC_Potluck_MySql.csproj", "{EB8C134A-021B-40E6-BDFE-A7B25F81196C}"
EndProject
Global
	GlobalSection(SolutionConfigurationPlatforms) = preSolution
		Debug|Any CPU = Debug|Any CPU
		Release|Any CPU = Release|Any CPU
	EndGlobalSection
	GlobalSection(ProjectConfigurationPlatforms) = postSolution
		{EB8C134A-021B-40E6-BDFE-A7B25F81196C}.Debug|Any CPU.ActiveCfg = Debug|Any CPU
		{EB8C134A-021B-40E6-BDFE-A7B25F81196C}.Debug|Any CPU.Build.0 = Debug|Any CPU
		{EB8C134A-021B-40E6-BDFE-A7B25F81196C}.Release|Any CPU.ActiveCfg = Release|Any CPU
		{EB8C134A-021B-40E6-BDFE-A7B25F81196C}.Release|Any CPU.Build.0 = Release|Any CPU
	EndGlobalSection
	GlobalSection(SolutionProperties) = preSolution
		HideSolutionNode = FALSE
	EndGlobalSection
	GlobalSection(ExtensibilityGlobals) = postSolution
		SolutionGuid = {D17AE199-A58C-4B62-8849-28F0773DDF10}
	EndGlobalSection
EndGlobal
